
Microsoft Visual Studio Solution File, Format Version 12.00
# Visual Studio Version 16
VisualStudioVersion = 16.0.29926.136
MinimumVisualStudioVersion = 10.0.40219.1
Project("{FAE04EC0-301F-11D3-BF4B-00C04F79EFBC}") = "LAB8", "LAB8\LAB8.csproj", "{C637D7D0-4B83-4431-876A-E730A9FFCC24}"
EndProject
Global
	GlobalSection(SolutionConfigurationPlatforms) = preSolution
		Debug|Any CPU = Debug|Any CPU
		Release|Any CPU = Release|Any CPU
	EndGlobalSection
	GlobalSection(ProjectConfigurationPlatforms) = postSolution
		{C637D7D0-4B83-4431-876A-E730A9FFCC24}.Debug|Any CPU.ActiveCfg = Debug|Any CPU
		{C637D7D0-4B83-4431-876A-E730A9FFCC24}.Debug|Any CPU.Build.0 = Debug|Any CPU
		{C637D7D0-4B83-4431-876A-E730A9FFCC24}.Release|Any CPU.ActiveCfg = Release|Any CPU
		{C637D7D0-4B83-4431-876A-E730A9FFCC24}.Release|Any CPU.Build.0 = Release|Any CPU
	EndGlobalSection
	GlobalSection(SolutionProperties) = preSolution
		HideSolutionNode = FALSE
	EndGlobalSection
	GlobalSection(ExtensibilityGlobals) = postSolution
		SolutionGuid = {F81BDF06-E829-43F0-BE6F-BCF66A7D9381}
	EndGlobalSection
EndGlobal
